// !$*UTF8*$!
{
	archiveVersion = 1;
	classes = {
	};
	objectVersion = 48;
	objects = {

/* Begin PBXBuildFile section */
		A86BF4F82061562E00BF0D20 /* AppDelegate.m in Sources */ = {isa = PBXBuildFile; fileRef = A86BF4F72061562E00BF0D20 /* AppDelegate.m */; };
		A86BF4FB2061562E00BF0D20 /* ViewController.m in Sources */ = {isa = PBXBuildFile; fileRef = A86BF4FA2061562E00BF0D20 /* ViewController.m */; };
		A86BF4FE2061562E00BF0D20 /* Main.storyboard in Resources */ = {isa = PBXBuildFile; fileRef = A86BF4FC2061562E00BF0D20 /* Main.storyboard */; };
		A86BF5002061562E00BF0D20 /* Assets.xcassets in Resources */ = {isa = PBXBuildFile; fileRef = A86BF4FF2061562E00BF0D20 /* Assets.xcassets */; };
		A86BF5032061562E00BF0D20 /* LaunchScreen.storyboard in Resources */ = {isa = PBXBuildFile; fileRef = A86BF5012061562E00BF0D20 /* LaunchScreen.storyboard */; };
		A86BF5062061562E00BF0D20 /* main.m in Sources */ = {isa = PBXBuildFile; fileRef = A86BF5052061562E00BF0D20 /* main.m */; };
		A86BF50F206157A700BF0D20 /* UIImage+Image.m in Sources */ = {isa = PBXBuildFile; fileRef = A86BF50E206157A700BF0D20 /* UIImage+Image.m */; };
		A86BF5142061581000BF0D20 /* LTTabBarController.m in Sources */ = {isa = PBXBuildFile; fileRef = A86BF5132061581000BF0D20 /* LTTabBarController.m */; };
		A8CBD47A2067DE2600681D5C /* LTEssenceViewController.m in Sources */ = {isa = PBXBuildFile; fileRef = A8CBD4792067DE2600681D5C /* LTEssenceViewController.m */; };
		A8CBD47D2067DE3100681D5C /* LTNewViewController.m in Sources */ = {isa = PBXBuildFile; fileRef = A8CBD47C2067DE3100681D5C /* LTNewViewController.m */; };
		A8CBD4802067DE3D00681D5C /* LTFriendTrendViewController.m in Sources */ = {isa = PBXBuildFile; fileRef = A8CBD47F2067DE3D00681D5C /* LTFriendTrendViewController.m */; };
		A8CBD4832067DE4500681D5C /* LTMeViewController.m in Sources */ = {isa = PBXBuildFile; fileRef = A8CBD4822067DE4500681D5C /* LTMeViewController.m */; };
		A8CBD4862067DE5300681D5C /* LTPublishViewController.m in Sources */ = {isa = PBXBuildFile; fileRef = A8CBD4852067DE5300681D5C /* LTPublishViewController.m */; };
		A8CBD4892067DECB00681D5C /* LTNavigationViewController.m in Sources */ = {isa = PBXBuildFile; fileRef = A8CBD4882067DECB00681D5C /* LTNavigationViewController.m */; };
		A8CBD48D2067E3BB00681D5C /* LTTabBar.m in Sources */ = {isa = PBXBuildFile; fileRef = A8CBD48C2067E3BB00681D5C /* LTTabBar.m */; };
		A8CBD4902067E3F200681D5C /* UIView+Frame.m in Sources */ = {isa = PBXBuildFile; fileRef = A8CBD48F2067E3F200681D5C /* UIView+Frame.m */; };
		A8CBD4932067EBFC00681D5C /* UIBarButtonItem+Item.m in Sources */ = {isa = PBXBuildFile; fileRef = A8CBD4922067EBFC00681D5C /* UIBarButtonItem+Item.m */; };
/* End PBXBuildFile section */

/* Begin PBXFileReference section */
		A86BF4F32061562E00BF0D20 /* BaiJie.app */ = {isa = PBXFileReference; explicitFileType = wrapper.application; includeInIndex = 0; path = BaiJie.app; sourceTree = BUILT_PRODUCTS_DIR; };
		A86BF4F62061562E00BF0D20 /* AppDelegate.h */ = {isa = PBXFileReference; lastKnownFileType = sourcecode.c.h; path = AppDelegate.h; sourceTree = "<group>"; };
		A86BF4F72061562E00BF0D20 /* AppDelegate.m */ = {isa = PBXFileReference; lastKnownFileType = sourcecode.c.objc; path = AppDelegate.m; sourceTree = "<group>"; };
		A86BF4F92061562E00BF0D20 /* ViewController.h */ = {isa = PBXFileReference; lastKnownFileType = sourcecode.c.h; path = ViewController.h; sourceTree = "<group>"; };
		A86BF4FA2061562E00BF0D20 /* ViewController.m */ = {isa = PBXFileReference; lastKnownFileType = sourcecode.c.objc; path = ViewController.m; sourceTree = "<group>"; };
		A86BF4FD2061562E00BF0D20 /* Base */ = {isa = PBXFileReference; lastKnownFileType = file.storyboard; name = Base; path = Base.lproj/Main.storyboard; sourceTree = "<group>"; };
		A86BF4FF2061562E00BF0D20 /* Assets.xcassets */ = {isa = PBXFileReference; lastKnownFileType = folder.assetcatalog; path = Assets.xcassets; sourceTree = "<group>"; };
		A86BF5022061562E00BF0D20 /* Base */ = {isa = PBXFileReference; lastKnownFileType = file.storyboard; name = Base; path = Base.lproj/LaunchScreen.storyboard; sourceTree = "<group>"; };
		A86BF5042061562E00BF0D20 /* Info.plist */ = {isa = PBXFileReference; lastKnownFileType = text.plist.xml; path = Info.plist; sourceTree = "<group>"; };
		A86BF5052061562E00BF0D20 /* main.m */ = {isa = PBXFileReference; lastKnownFileType = sourcecode.c.objc; path = main.m; sourceTree = "<group>"; };
		A86BF50D206157A700BF0D20 /* UIImage+Image.h */ = {isa = PBXFileReference; lastKnownFileType = sourcecode.c.h; path = "UIImage+Image.h"; sourceTree = "<group>"; };
		A86BF50E206157A700BF0D20 /* UIImage+Image.m */ = {isa = PBXFileReference; lastKnownFileType = sourcecode.c.objc; path = "UIImage+Image.m"; sourceTree = "<group>"; };
		A86BF5122061581000BF0D20 /* LTTabBarController.h */ = {isa = PBXFileReference; lastKnownFileType = sourcecode.c.h; path = LTTabBarController.h; sourceTree = "<group>"; };
		A86BF5132061581000BF0D20 /* LTTabBarController.m */ = {isa = PBXFileReference; lastKnownFileType = sourcecode.c.objc; path = LTTabBarController.m; sourceTree = "<group>"; };
		A8CBD4782067DE2600681D5C /* LTEssenceViewController.h */ = {isa = PBXFileReference; lastKnownFileType = sourcecode.c.h; path = LTEssenceViewController.h; sourceTree = "<group>"; };
		A8CBD4792067DE2600681D5C /* LTEssenceViewController.m */ = {isa = PBXFileReference; lastKnownFileType = sourcecode.c.objc; path = LTEssenceViewController.m; sourceTree = "<group>"; };
		A8CBD47B2067DE3100681D5C /* LTNewViewController.h */ = {isa = PBXFileReference; lastKnownFileType = sourcecode.c.h; path = LTNewViewController.h; sourceTree = "<group>"; };
		A8CBD47C2067DE3100681D5C /* LTNewViewController.m */ = {isa = PBXFileReference; lastKnownFileType = sourcecode.c.objc; path = LTNewViewController.m; sourceTree = "<group>"; };
		A8CBD47E2067DE3D00681D5C /* LTFriendTrendViewController.h */ = {isa = PBXFileReference; lastKnownFileType = sourcecode.c.h; path = LTFriendTrendViewController.h; sourceTree = "<group>"; };
		A8CBD47F2067DE3D00681D5C /* LTFriendTrendViewController.m */ = {isa = PBXFileReference; lastKnownFileType = sourcecode.c.objc; path = LTFriendTrendViewController.m; sourceTree = "<group>"; };
		A8CBD4812067DE4500681D5C /* LTMeViewController.h */ = {isa = PBXFileReference; lastKnownFileType = sourcecode.c.h; path = LTMeViewController.h; sourceTree = "<group>"; };
		A8CBD4822067DE4500681D5C /* LTMeViewController.m */ = {isa = PBXFileReference; lastKnownFileType = sourcecode.c.objc; path = LTMeViewController.m; sourceTree = "<group>"; };
		A8CBD4842067DE5300681D5C /* LTPublishViewController.h */ = {isa = PBXFileReference; lastKnownFileType = sourcecode.c.h; path = LTPublishViewController.h; sourceTree = "<group>"; };
		A8CBD4852067DE5300681D5C /* LTPublishViewController.m */ = {isa = PBXFileReference; lastKnownFileType = sourcecode.c.objc; path = LTPublishViewController.m; sourceTree = "<group>"; };
		A8CBD4872067DECB00681D5C /* LTNavigationViewController.h */ = {isa = PBXFileReference; lastKnownFileType = sourcecode.c.h; path = LTNavigationViewController.h; sourceTree = "<group>"; };
		A8CBD4882067DECB00681D5C /* LTNavigationViewController.m */ = {isa = PBXFileReference; lastKnownFileType = sourcecode.c.objc; path = LTNavigationViewController.m; sourceTree = "<group>"; };
		A8CBD48B2067E3BB00681D5C /* LTTabBar.h */ = {isa = PBXFileReference; lastKnownFileType = sourcecode.c.h; path = LTTabBar.h; sourceTree = "<group>"; };
		A8CBD48C2067E3BB00681D5C /* LTTabBar.m */ = {isa = PBXFileReference; lastKnownFileType = sourcecode.c.objc; path = LTTabBar.m; sourceTree = "<group>"; };
		A8CBD48E2067E3F200681D5C /* UIView+Frame.h */ = {isa = PBXFileReference; lastKnownFileType = sourcecode.c.h; path = "UIView+Frame.h"; sourceTree = "<group>"; };
		A8CBD48F2067E3F200681D5C /* UIView+Frame.m */ = {isa = PBXFileReference; lastKnownFileType = sourcecode.c.objc; path = "UIView+Frame.m"; sourceTree = "<group>"; };
		A8CBD4912067EBFC00681D5C /* UIBarButtonItem+Item.h */ = {isa = PBXFileReference; lastKnownFileType = sourcecode.c.h; path = "UIBarButtonItem+Item.h"; sourceTree = "<group>"; };
		A8CBD4922067EBFC00681D5C /* UIBarButtonItem+Item.m */ = {isa = PBXFileReference; lastKnownFileType = sourcecode.c.objc; path = "UIBarButtonItem+Item.m"; sourceTree = "<group>"; };
/* End PBXFileReference section */

/* Begin PBXFrameworksBuildPhase section */
		A86BF4F02061562E00BF0D20 /* Frameworks */ = {
			isa = PBXFrameworksBuildPhase;
			buildActionMask = 2147483647;
			files = (
			);
			runOnlyForDeploymentPostprocessing = 0;
		};
/* End PBXFrameworksBuildPhase section */

/* Begin PBXGroup section */
		A86BF4EA2061562E00BF0D20 = {
			isa = PBXGroup;
			children = (
				A86BF4F52061562E00BF0D20 /* BaiJie */,
				A86BF4F42061562E00BF0D20 /* Products */,
			);
			sourceTree = "<group>";
		};
		A86BF4F42061562E00BF0D20 /* Products */ = {
			isa = PBXGroup;
			children = (
				A86BF4F32061562E00BF0D20 /* BaiJie.app */,
			);
			name = Products;
			sourceTree = "<group>";
		};
		A86BF4F52061562E00BF0D20 /* BaiJie */ = {
			isa = PBXGroup;
			children = (
				A8CBD4772067DE0500681D5C /* Publish */,
				A8CBD4762067DDFA00681D5C /* Me */,
				A8CBD4752067DDE700681D5C /* FriendTrend */,
				A8CBD4742067DDD900681D5C /* New */,
				A8CBD4732067DDC500681D5C /* Essence */,
				A86BF511206157D100BF0D20 /* Main */,
				A86BF50C2061577900BF0D20 /* Other */,
				A86BF4F62061562E00BF0D20 /* AppDelegate.h */,
				A86BF4F72061562E00BF0D20 /* AppDelegate.m */,
				A86BF4F92061562E00BF0D20 /* ViewController.h */,
				A86BF4FA2061562E00BF0D20 /* ViewController.m */,
				A86BF4FC2061562E00BF0D20 /* Main.storyboard */,
				A86BF4FF2061562E00BF0D20 /* Assets.xcassets */,
				A86BF5012061562E00BF0D20 /* LaunchScreen.storyboard */,
				A86BF5042061562E00BF0D20 /* Info.plist */,
				A86BF5052061562E00BF0D20 /* main.m */,
			);
			path = BaiJie;
			sourceTree = "<group>";
		};
		A86BF50C2061577900BF0D20 /* Other */ = {
			isa = PBXGroup;
			children = (
				A86BF50D206157A700BF0D20 /* UIImage+Image.h */,
				A86BF50E206157A700BF0D20 /* UIImage+Image.m */,
				A8CBD48E2067E3F200681D5C /* UIView+Frame.h */,
				A8CBD48F2067E3F200681D5C /* UIView+Frame.m */,
				A8CBD4912067EBFC00681D5C /* UIBarButtonItem+Item.h */,
				A8CBD4922067EBFC00681D5C /* UIBarButtonItem+Item.m */,
			);
			path = Other;
			sourceTree = "<group>";
		};
		A86BF511206157D100BF0D20 /* Main */ = {
			isa = PBXGroup;
			children = (
				A8CBD48A2067E3AD00681D5C /* views */,
				A86BF5122061581000BF0D20 /* LTTabBarController.h */,
				A86BF5132061581000BF0D20 /* LTTabBarController.m */,
				A8CBD4872067DECB00681D5C /* LTNavigationViewController.h */,
				A8CBD4882067DECB00681D5C /* LTNavigationViewController.m */,
			);
			path = Main;
			sourceTree = "<group>";
		};
		A8CBD4732067DDC500681D5C /* Essence */ = {
			isa = PBXGroup;
			children = (
				A8CBD4782067DE2600681D5C /* LTEssenceViewController.h */,
				A8CBD4792067DE2600681D5C /* LTEssenceViewController.m */,
			);
			path = Essence;
			sourceTree = "<group>";
		};
		A8CBD4742067DDD900681D5C /* New */ = {
			isa = PBXGroup;
			children = (
				A8CBD47B2067DE3100681D5C /* LTNewViewController.h */,
				A8CBD47C2067DE3100681D5C /* LTNewViewController.m */,
			);
			path = New;
			sourceTree = "<group>";
		};
		A8CBD4752067DDE700681D5C /* FriendTrend */ = {
			isa = PBXGroup;
			children = (
				A8CBD47E2067DE3D00681D5C /* LTFriendTrendViewController.h */,
				A8CBD47F2067DE3D00681D5C /* LTFriendTrendViewController.m */,
			);
			path = FriendTrend;
			sourceTree = "<group>";
		};
		A8CBD4762067DDFA00681D5C /* Me */ = {
			isa = PBXGroup;
			children = (
				A8CBD4812067DE4500681D5C /* LTMeViewController.h */,
				A8CBD4822067DE4500681D5C /* LTMeViewController.m */,
			);
			path = Me;
			sourceTree = "<group>";
		};
		A8CBD4772067DE0500681D5C /* Publish */ = {
			isa = PBXGroup;
			children = (
				A8CBD4842067DE5300681D5C /* LTPublishViewController.h */,
				A8CBD4852067DE5300681D5C /* LTPublishViewController.m */,
			);
			path = Publish;
			sourceTree = "<group>";
		};
		A8CBD48A2067E3AD00681D5C /* views */ = {
			isa = PBXGroup;
			children = (
				A8CBD48B2067E3BB00681D5C /* LTTabBar.h */,
				A8CBD48C2067E3BB00681D5C /* LTTabBar.m */,
			);
			path = views;
			sourceTree = "<group>";
		};
/* End PBXGroup section */

/* Begin PBXNativeTarget section */
		A86BF4F22061562E00BF0D20 /* BaiJie */ = {
			isa = PBXNativeTarget;
			buildConfigurationList = A86BF5092061562E00BF0D20 /* Build configuration list for PBXNativeTarget "BaiJie" */;
			buildPhases = (
				A86BF4EF2061562E00BF0D20 /* Sources */,
				A86BF4F02061562E00BF0D20 /* Frameworks */,
				A86BF4F12061562E00BF0D20 /* Resources */,
			);
			buildRules = (
			);
			dependencies = (
			);
			name = BaiJie;
			productName = BaiJie;
			productReference = A86BF4F32061562E00BF0D20 /* BaiJie.app */;
			productType = "com.apple.product-type.application";
		};
/* End PBXNativeTarget section */

/* Begin PBXProject section */
		A86BF4EB2061562E00BF0D20 /* Project object */ = {
			isa = PBXProject;
			attributes = {
				CLASSPREFIX = LT;
				LastUpgradeCheck = 0920;
				ORGANIZATIONNAME = com.alwayscoding.www;
				TargetAttributes = {
					A86BF4F22061562E00BF0D20 = {
						CreatedOnToolsVersion = 9.2;
						ProvisioningStyle = Automatic;
					};
				};
			};
			buildConfigurationList = A86BF4EE2061562E00BF0D20 /* Build configuration list for PBXProject "BaiJie" */;
			compatibilityVersion = "Xcode 8.0";
			developmentRegion = en;
			hasScannedForEncodings = 0;
			knownRegions = (
				en,
				Base,
			);
			mainGroup = A86BF4EA2061562E00BF0D20;
			productRefGroup = A86BF4F42061562E00BF0D20 /* Products */;
			projectDirPath = "";
			projectRoot = "";
			targets = (
				A86BF4F22061562E00BF0D20 /* BaiJie */,
			);
		};
/* End PBXProject section */

/* Begin PBXResourcesBuildPhase section */
		A86BF4F12061562E00BF0D20 /* Resources */ = {
			isa = PBXResourcesBuildPhase;
			buildActionMask = 2147483647;
			files = (
				A86BF5032061562E00BF0D20 /* LaunchScreen.storyboard in Resources */,
				A86BF5002061562E00BF0D20 /* Assets.xcassets in Resources */,
				A86BF4FE2061562E00BF0D20 /* Main.storyboard in Resources */,
			);
			runOnlyForDeploymentPostprocessing = 0;
		};
/* End PBXResourcesBuildPhase section */

/* Begin PBXSourcesBuildPhase section */
		A86BF4EF2061562E00BF0D20 /* Sources */ = {
			isa = PBXSourcesBuildPhase;
			buildActionMask = 2147483647;
			files = (
				A86BF4FB2061562E00BF0D20 /* ViewController.m in Sources */,
				A8CBD4892067DECB00681D5C /* LTNavigationViewController.m in Sources */,
				A8CBD47A2067DE2600681D5C /* LTEssenceViewController.m in Sources */,
				A8CBD4832067DE4500681D5C /* LTMeViewController.m in Sources */,
				A8CBD47D2067DE3100681D5C /* LTNewViewController.m in Sources */,
				A8CBD4932067EBFC00681D5C /* UIBarButtonItem+Item.m in Sources */,
				A8CBD4902067E3F200681D5C /* UIView+Frame.m in Sources */,
				A86BF50F206157A700BF0D20 /* UIImage+Image.m in Sources */,
				A8CBD4802067DE3D00681D5C /* LTFriendTrendViewController.m in Sources */,
				A8CBD4862067DE5300681D5C /* LTPublishViewController.m in Sources */,
				A86BF5062061562E00BF0D20 /* main.m in Sources */,
				A8CBD48D2067E3BB00681D5C /* LTTabBar.m in Sources */,
				A86BF5142061581000BF0D20 /* LTTabBarController.m in Sources */,
				A86BF4F82061562E00BF0D20 /* AppDelegate.m in Sources */,
			);
			runOnlyForDeploymentPostprocessing = 0;
		};
/* End PBXSourcesBuildPhase section */

/* Begin PBXVariantGroup section */
		A86BF4FC2061562E00BF0D20 /* Main.storyboard */ = {
			isa = PBXVariantGroup;
			children = (
				A86BF4FD2061562E00BF0D20 /* Base */,
			);
			name = Main.storyboard;
			sourceTree = "<group>";
		};
		A86BF5012061562E00BF0D20 /* LaunchScreen.storyboard */ = {
			isa = PBXVariantGroup;
			children = (
				A86BF5022061562E00BF0D20 /* Base */,
			);
			name = LaunchScreen.storyboard;
			sourceTree = "<group>";
		};
/* End PBXVariantGroup section */

/* Begin XCBuildConfiguration section */
		A86BF5072061562E00BF0D20 /* Debug */ = {
			isa = XCBuildConfiguration;
			buildSettings = {
				ALWAYS_SEARCH_USER_PATHS = NO;
				CLANG_ANALYZER_NONNULL = YES;
				CLANG_ANALYZER_NUMBER_OBJECT_CONVERSION = YES_AGGRESSIVE;
				CLANG_CXX_LANGUAGE_STANDARD = "gnu++14";
				CLANG_CXX_LIBRARY = "libc++";
				CLANG_ENABLE_MODULES = YES;
				CLANG_ENABLE_OBJC_ARC = YES;
				CLANG_WARN_BLOCK_CAPTURE_AUTORELEASING = YES;
				CLANG_WARN_BOOL_CONVERSION = YES;
				CLANG_WARN_COMMA = YES;
				CLANG_WARN_CONSTANT_CONVERSION = YES;
				CLANG_WARN_DIRECT_OBJC_ISA_USAGE = YES_ERROR;
				CLANG_WARN_DOCUMENTATION_COMMENTS = YES;
				CLANG_WARN_EMPTY_BODY = YES;
				CLANG_WARN_ENUM_CONVERSION = YES;
				CLANG_WARN_INFINITE_RECURSION = YES;
				CLANG_WARN_INT_CONVERSION = YES;
				CLANG_WARN_NON_LITERAL_NULL_CONVERSION = YES;
				CLANG_WARN_OBJC_LITERAL_CONVERSION = YES;
				CLANG_WARN_OBJC_ROOT_CLASS = YES_ERROR;
				CLANG_WARN_RANGE_LOOP_ANALYSIS = YES;
				CLANG_WARN_STRICT_PROTOTYPES = YES;
				CLANG_WARN_SUSPICIOUS_MOVE = YES;
				CLANG_WARN_UNGUARDED_AVAILABILITY = YES_AGGRESSIVE;
				CLANG_WARN_UNREACHABLE_CODE = YES;
				CLANG_WARN__DUPLICATE_METHOD_MATCH = YES;
				CODE_SIGN_IDENTITY = "iPhone Developer";
				COPY_PHASE_STRIP = NO;
				DEBUG_INFORMATION_FORMAT = dwarf;
				ENABLE_STRICT_OBJC_MSGSEND = YES;
				ENABLE_TESTABILITY = YES;
				GCC_C_LANGUAGE_STANDARD = gnu11;
				GCC_DYNAMIC_NO_PIC = NO;
				GCC_NO_COMMON_BLOCKS = YES;
				GCC_OPTIMIZATION_LEVEL = 0;
				GCC_PREPROCESSOR_DEFINITIONS = (
					"DEBUG=1",
					"$(inherited)",
				);
				GCC_WARN_64_TO_32_BIT_CONVERSION = YES;
				GCC_WARN_ABOUT_RETURN_TYPE = YES_ERROR;
				GCC_WARN_UNDECLARED_SELECTOR = YES;
				GCC_WARN_UNINITIALIZED_AUTOS = YES_AGGRESSIVE;
				GCC_WARN_UNUSED_FUNCTION = YES;
				GCC_WARN_UNUSED_VARIABLE = YES;
				IPHONEOS_DEPLOYMENT_TARGET = 11.2;
				MTL_ENABLE_DEBUG_INFO = YES;
				ONLY_ACTIVE_ARCH = YES;
				SDKROOT = iphoneos;
			};
			name = Debug;
		};
		A86BF5082061562E00BF0D20 /* Release */ = {
			isa = XCBuildConfiguration;
			buildSettings = {
				ALWAYS_SEARCH_USER_PATHS = NO;
				CLANG_ANALYZER_NONNULL = YES;
				CLANG_ANALYZER_NUMBER_OBJECT_CONVERSION = YES_AGGRESSIVE;
				CLANG_CXX_LANGUAGE_STANDARD = "gnu++14";
				CLANG_CXX_LIBRARY = "libc++";
				CLANG_ENABLE_MODULES = YES;
				CLANG_ENABLE_OBJC_ARC = YES;
				CLANG_WARN_BLOCK_CAPTURE_AUTORELEASING = YES;
				CLANG_WARN_BOOL_CONVERSION = YES;
				CLANG_WARN_COMMA = YES;
				CLANG_WARN_CONSTANT_CONVERSION = YES;
				CLANG_WARN_DIRECT_OBJC_ISA_USAGE = YES_ERROR;
				CLANG_WARN_DOCUMENTATION_COMMENTS = YES;
				CLANG_WARN_EMPTY_BODY = YES;
				CLANG_WARN_ENUM_CONVERSION = YES;
				CLANG_WARN_INFINITE_RECURSION = YES;
				CLANG_WARN_INT_CONVERSION = YES;
				CLANG_WARN_NON_LITERAL_NULL_CONVERSION = YES;
				CLANG_WARN_OBJC_LITERAL_CONVERSION = YES;
				CLANG_WARN_OBJC_ROOT_CLASS = YES_ERROR;
				CLANG_WARN_RANGE_LOOP_ANALYSIS = YES;
				CLANG_WARN_STRICT_PROTOTYPES = YES;
				CLANG_WARN_SUSPICIOUS_MOVE = YES;
				CLANG_WARN_UNGUARDED_AVAILABILITY = YES_AGGRESSIVE;
				CLANG_WARN_UNREACHABLE_CODE = YES;
				CLANG_WARN__DUPLICATE_METHOD_MATCH = YES;
				CODE_SIGN_IDENTITY = "iPhone Developer";
				COPY_PHASE_STRIP = NO;
				DEBUG_INFORMATION_FORMAT = "dwarf-with-dsym";
				ENABLE_NS_ASSERTIONS = NO;
				ENABLE_STRICT_OBJC_MSGSEND = YES;
				GCC_C_LANGUAGE_STANDARD = gnu11;
				GCC_NO_COMMON_BLOCKS = YES;
				GCC_WARN_64_TO_32_BIT_CONVERSION = YES;
				GCC_WARN_ABOUT_RETURN_TYPE = YES_ERROR;
				GCC_WARN_UNDECLARED_SELECTOR = YES;
				GCC_WARN_UNINITIALIZED_AUTOS = YES_AGGRESSIVE;
				GCC_WARN_UNUSED_FUNCTION = YES;
				GCC_WARN_UNUSED_VARIABLE = YES;
				IPHONEOS_DEPLOYMENT_TARGET = 11.2;
				MTL_ENABLE_DEBUG_INFO = NO;
				SDKROOT = iphoneos;
				VALIDATE_PRODUCT = YES;
			};
			name = Release;
		};
		A86BF50A2061562E00BF0D20 /* Debug */ = {
			isa = XCBuildConfiguration;
			buildSettings = {
				ASSETCATALOG_COMPILER_APPICON_NAME = AppIcon;
				CODE_SIGN_STYLE = Automatic;
				DEVELOPMENT_TEAM = 7L8859JS3T;
				INFOPLIST_FILE = BaiJie/Info.plist;
				IPHONEOS_DEPLOYMENT_TARGET = 9.0;
				LD_RUNPATH_SEARCH_PATHS = "$(inherited) @executable_path/Frameworks";
				PRODUCT_BUNDLE_IDENTIFIER = com.alwayscoding.www.BaiJie;
				PRODUCT_NAME = "$(TARGET_NAME)";
				TARGETED_DEVICE_FAMILY = 1;
			};
			name = Debug;
		};
		A86BF50B2061562E00BF0D20 /* Release */ = {
			isa = XCBuildConfiguration;
			buildSettings = {
				ASSETCATALOG_COMPILER_APPICON_NAME = AppIcon;
				CODE_SIGN_STYLE = Automatic;
				DEVELOPMENT_TEAM = 7L8859JS3T;
				INFOPLIST_FILE = BaiJie/Info.plist;
				IPHONEOS_DEPLOYMENT_TARGET = 9.0;
				LD_RUNPATH_SEARCH_PATHS = "$(inherited) @executable_path/Frameworks";
				PRODUCT_BUNDLE_IDENTIFIER = com.alwayscoding.www.BaiJie;
				PRODUCT_NAME = "$(TARGET_NAME)";
				TARGETED_DEVICE_FAMILY = 1;
			};
			name = Release;
		};
/* End XCBuildConfiguration section */

/* Begin XCConfigurationList section */
		A86BF4EE2061562E00BF0D20 /* Build configuration list for PBXProject "BaiJie" */ = {
			isa = XCConfigurationList;
			buildConfigurations = (
				A86BF5072061562E00BF0D20 /* Debug */,
				A86BF5082061562E00BF0D20 /* Release */,
			);
			defaultConfigurationIsVisible = 0;
			defaultConfigurationName = Release;
		};
		A86BF5092061562E00BF0D20 /* Build configuration list for PBXNativeTarget "BaiJie" */ = {
			isa = XCConfigurationList;
			buildConfigurations = (
				A86BF50A2061562E00BF0D20 /* Debug */,
				A86BF50B2061562E00BF0D20 /* Release */,
			);
			defaultConfigurationIsVisible = 0;
			defaultConfigurationName = Release;
		};
/* End XCConfigurationList section */
	};
	rootObject = A86BF4EB2061562E00BF0D20 /* Project object */;
}
